// !$*UTF8*$!
{
	archiveVersion = 1;
	classes = {
	};
	objectVersion = 56;
	objects = {

/* Begin PBXBuildFile section */
		83DEEF7E2FA5A0B000036D10 /* d_day_appApp.swift in Sources */ = {isa = PBXBuildFile; fileRef = 83DEEF7D2FA5A0B000036D10 /* d_day_appApp.swift */; };
		83DEEF802FA5A0B000036D10 /* ContentView.swift in Sources */ = {isa = PBXBuildFile; fileRef = 83DEEF7F2FA5A0B000036D10 /* ContentView.swift */; };
		83DEEF822FA5A0B400036D10 /* Assets.xcassets in Resources */ = {isa = PBXBuildFile; fileRef = 83DEEF812FA5A0B400036D10 /* Assets.xcassets */; };
		83DEEF852FA5A0B400036D10 /* Preview Assets.xcassets in Resources */ = {isa = PBXBuildFile; fileRef = 83DEEF842FA5A0B400036D10 /* Preview Assets.xcassets */; };
		C0DE00000000000000000118 /* PrivacyInfo.xcprivacy in Resources */ = {isa = PBXBuildFile; fileRef = C0DE00000000000000000218 /* PrivacyInfo.xcprivacy */; };
		C0DE00000000000000000119 /* PrivacyInfo.xcprivacy in Resources */ = {isa = PBXBuildFile; fileRef = C0DE00000000000000000219 /* PrivacyInfo.xcprivacy */; };
		83DEEF8F2FA5A0B400036D10 /* d_day_appTests.swift in Sources */ = {isa = PBXBuildFile; fileRef = 83DEEF8E2FA5A0B400036D10 /* d_day_appTests.swift */; };
		83DEEF992FA5A0B400036D10 /* d_day_appUITests.swift in Sources */ = {isa = PBXBuildFile; fileRef = 83DEEF982FA5A0B400036D10 /* d_day_appUITests.swift */; };
		83DEEF9B2FA5A0B400036D10 /* d_day_appUITestsLaunchTests.swift in Sources */ = {isa = PBXBuildFile; fileRef = 83DEEF9A2FA5A0B400036D10 /* d_day_appUITestsLaunchTests.swift */; };
		C0DE00000000000000000101 /* App/AppRootView.swift in Sources */ = {isa = PBXBuildFile; fileRef = C0DE00000000000000000201 /* App/AppRootView.swift */; };
		C0DE00000000000000000102 /* Core/Models/AnniversaryKind.swift in Sources */ = {isa = PBXBuildFile; fileRef = C0DE00000000000000000202 /* Core/Models/AnniversaryKind.swift */; };
		C0DE00000000000000000103 /* Core/Models/CoupleProfile.swift in Sources */ = {isa = PBXBuildFile; fileRef = C0DE00000000000000000203 /* Core/Models/CoupleProfile.swift */; };
		C0DE00000000000000000104 /* Core/Models/DayEvent.swift in Sources */ = {isa = PBXBuildFile; fileRef = C0DE00000000000000000204 /* Core/Models/DayEvent.swift */; };
		C0DE00000000000000000105 /* Core/Utilities/DayCounter.swift in Sources */ = {isa = PBXBuildFile; fileRef = C0DE00000000000000000205 /* Core/Utilities/DayCounter.swift */; };
		C0DE00000000000000000106 /* DesignSystem/AppTheme.swift in Sources */ = {isa = PBXBuildFile; fileRef = C0DE00000000000000000206 /* DesignSystem/AppTheme.swift */; };
		C0DE00000000000000000107 /* Features/EventEditor/EventEditorView.swift in Sources */ = {isa = PBXBuildFile; fileRef = C0DE00000000000000000207 /* Features/EventEditor/EventEditorView.swift */; };
		C0DE00000000000000000108 /* Features/Home/HomeView.swift in Sources */ = {isa = PBXBuildFile; fileRef = C0DE00000000000000000208 /* Features/Home/HomeView.swift */; };
		C0DE00000000000000000109 /* Features/Settings/SettingsView.swift in Sources */ = {isa = PBXBuildFile; fileRef = C0DE00000000000000000209 /* Features/Settings/SettingsView.swift */; };
		C0DE0000000000000000010A /* Core/Shared/DaySurfaceConstants.swift in Sources */ = {isa = PBXBuildFile; fileRef = C0DE0000000000000000020A /* Core/Shared/DaySurfaceConstants.swift */; };
		C0DE0000000000000000010B /* Core/Shared/DaySurfaceSnapshot.swift in Sources */ = {isa = PBXBuildFile; fileRef = C0DE0000000000000000020B /* Core/Shared/DaySurfaceSnapshot.swift */; };
		C0DE0000000000000000010C /* Core/Shared/DaySurfaceSnapshotFactory.swift in Sources */ = {isa = PBXBuildFile; fileRef = C0DE0000000000000000020C /* Core/Shared/DaySurfaceSnapshotFactory.swift */; };
		C0DE0000000000000000010D /* Core/Shared/SystemSurfaceSync.swift in Sources */ = {isa = PBXBuildFile; fileRef = C0DE0000000000000000020D /* Core/Shared/SystemSurfaceSync.swift */; };
		C0DE0000000000000000010E /* Core/Shared/OpenDdayAppIntent.swift in Sources */ = {isa = PBXBuildFile; fileRef = C0DE0000000000000000020E /* Core/Shared/OpenDdayAppIntent.swift */; };
		C0DE00000000000000000116 /* Core/Notifications/NotificationScheduler.swift in Sources */ = {isa = PBXBuildFile; fileRef = C0DE00000000000000000217 /* Core/Notifications/NotificationScheduler.swift */; };
		C0DE0000000000000000010F /* Core/Shared/DaySurfaceConstants.swift in Sources */ = {isa = PBXBuildFile; fileRef = C0DE0000000000000000020A /* Core/Shared/DaySurfaceConstants.swift */; };
		C0DE00000000000000000110 /* Core/Shared/DaySurfaceSnapshot.swift in Sources */ = {isa = PBXBuildFile; fileRef = C0DE0000000000000000020B /* Core/Shared/DaySurfaceSnapshot.swift */; };
		C0DE00000000000000000111 /* Core/Shared/OpenDdayAppIntent.swift in Sources */ = {isa = PBXBuildFile; fileRef = C0DE0000000000000000020E /* Core/Shared/OpenDdayAppIntent.swift */; };
		C0DE00000000000000000112 /* d_day_appWidgetsBundle.swift in Sources */ = {isa = PBXBuildFile; fileRef = C0DE00000000000000000212 /* d_day_appWidgetsBundle.swift */; };
		C0DE00000000000000000113 /* DDayLockScreenWidget.swift in Sources */ = {isa = PBXBuildFile; fileRef = C0DE00000000000000000213 /* DDayLockScreenWidget.swift */; };
		C0DE00000000000000000114 /* DDayControlWidget.swift in Sources */ = {isa = PBXBuildFile; fileRef = C0DE00000000000000000214 /* DDayControlWidget.swift */; };
		C0DE00000000000000000115 /* d-day-appWidgets.appex in Embed App Extensions */ = {isa = PBXBuildFile; fileRef = C0DE00000000000000000216 /* d-day-appWidgets.appex */; settings = {ATTRIBUTES = (RemoveHeadersOnCopy, ); }; };
/* End PBXBuildFile section */

/* Begin PBXContainerItemProxy section */
		83DEEF8B2FA5A0B400036D10 /* PBXContainerItemProxy */ = {
			isa = PBXContainerItemProxy;
			containerPortal = 83DEEF722FA5A0B000036D10 /* Project object */;
			proxyType = 1;
			remoteGlobalIDString = 83DEEF792FA5A0B000036D10;
			remoteInfo = "d-day-app";
		};
		83DEEF952FA5A0B400036D10 /* PBXContainerItemProxy */ = {
			isa = PBXContainerItemProxy;
			containerPortal = 83DEEF722FA5A0B000036D10 /* Project object */;
			proxyType = 1;
			remoteGlobalIDString = 83DEEF792FA5A0B000036D10;
			remoteInfo = "d-day-app";
		};
		C0DE00000000000000000406 /* PBXContainerItemProxy */ = {
			isa = PBXContainerItemProxy;
			containerPortal = 83DEEF722FA5A0B000036D10 /* Project object */;
			proxyType = 1;
			remoteGlobalIDString = C0DE00000000000000000400;
			remoteInfo = "d-day-appWidgets";
		};
/* End PBXContainerItemProxy section */

/* Begin PBXCopyFilesBuildPhase section */
		C0DE00000000000000000404 /* Embed App Extensions */ = {
			isa = PBXCopyFilesBuildPhase;
			buildActionMask = 2147483647;
			dstPath = "";
			dstSubfolderSpec = 13;
			files = (
				C0DE00000000000000000115 /* d-day-appWidgets.appex in Embed App Extensions */,
			);
			name = "Embed App Extensions";
			runOnlyForDeploymentPostprocessing = 0;
		};
/* End PBXCopyFilesBuildPhase section */

/* Begin PBXFileReference section */
		83DEEF7A2FA5A0B000036D10 /* d-day-app.app */ = {isa = PBXFileReference; explicitFileType = wrapper.application; includeInIndex = 0; path = "d-day-app.app"; sourceTree = BUILT_PRODUCTS_DIR; };
		83DEEF7D2FA5A0B000036D10 /* d_day_appApp.swift */ = {isa = PBXFileReference; lastKnownFileType = sourcecode.swift; path = d_day_appApp.swift; sourceTree = "<group>"; };
		83DEEF7F2FA5A0B000036D10 /* ContentView.swift */ = {isa = PBXFileReference; lastKnownFileType = sourcecode.swift; path = ContentView.swift; sourceTree = "<group>"; };
		83DEEF812FA5A0B400036D10 /* Assets.xcassets */ = {isa = PBXFileReference; lastKnownFileType = folder.assetcatalog; path = Assets.xcassets; sourceTree = "<group>"; };
		83DEEF842FA5A0B400036D10 /* Preview Assets.xcassets */ = {isa = PBXFileReference; lastKnownFileType = folder.assetcatalog; path = "Preview Assets.xcassets"; sourceTree = "<group>"; };
		83DEEF8A2FA5A0B400036D10 /* d-day-appTests.xctest */ = {isa = PBXFileReference; explicitFileType = wrapper.cfbundle; includeInIndex = 0; path = "d-day-appTests.xctest"; sourceTree = BUILT_PRODUCTS_DIR; };
		83DEEF8E2FA5A0B400036D10 /* d_day_appTests.swift */ = {isa = PBXFileReference; lastKnownFileType = sourcecode.swift; path = d_day_appTests.swift; sourceTree = "<group>"; };
		83DEEF942FA5A0B400036D10 /* d-day-appUITests.xctest */ = {isa = PBXFileReference; explicitFileType = wrapper.cfbundle; includeInIndex = 0; path = "d-day-appUITests.xctest"; sourceTree = BUILT_PRODUCTS_DIR; };
		83DEEF982FA5A0B400036D10 /* d_day_appUITests.swift */ = {isa = PBXFileReference; lastKnownFileType = sourcecode.swift; path = d_day_appUITests.swift; sourceTree = "<group>"; };
		83DEEF9A2FA5A0B400036D10 /* d_day_appUITestsLaunchTests.swift */ = {isa = PBXFileReference; lastKnownFileType = sourcecode.swift; path = d_day_appUITestsLaunchTests.swift; sourceTree = "<group>"; };
		C0DE00000000000000000201 /* App/AppRootView.swift */ = {isa = PBXFileReference; lastKnownFileType = sourcecode.swift; path = App/AppRootView.swift; sourceTree = "<group>"; };
		C0DE00000000000000000202 /* Core/Models/AnniversaryKind.swift */ = {isa = PBXFileReference; lastKnownFileType = sourcecode.swift; path = Core/Models/AnniversaryKind.swift; sourceTree = "<group>"; };
		C0DE00000000000000000203 /* Core/Models/CoupleProfile.swift */ = {isa = PBXFileReference; lastKnownFileType = sourcecode.swift; path = Core/Models/CoupleProfile.swift; sourceTree = "<group>"; };
		C0DE00000000000000000204 /* Core/Models/DayEvent.swift */ = {isa = PBXFileReference; lastKnownFileType = sourcecode.swift; path = Core/Models/DayEvent.swift; sourceTree = "<group>"; };
		C0DE00000000000000000205 /* Core/Utilities/DayCounter.swift */ = {isa = PBXFileReference; lastKnownFileType = sourcecode.swift; path = Core/Utilities/DayCounter.swift; sourceTree = "<group>"; };
		C0DE00000000000000000206 /* DesignSystem/AppTheme.swift */ = {isa = PBXFileReference; lastKnownFileType = sourcecode.swift; path = DesignSystem/AppTheme.swift; sourceTree = "<group>"; };
		C0DE00000000000000000207 /* Features/EventEditor/EventEditorView.swift */ = {isa = PBXFileReference; lastKnownFileType = sourcecode.swift; path = Features/EventEditor/EventEditorView.swift; sourceTree = "<group>"; };
		C0DE00000000000000000208 /* Features/Home/HomeView.swift */ = {isa = PBXFileReference; lastKnownFileType = sourcecode.swift; path = Features/Home/HomeView.swift; sourceTree = "<group>"; };
		C0DE00000000000000000209 /* Features/Settings/SettingsView.swift */ = {isa = PBXFileReference; lastKnownFileType = sourcecode.swift; path = Features/Settings/SettingsView.swift; sourceTree = "<group>"; };
		C0DE0000000000000000020A /* Core/Shared/DaySurfaceConstants.swift */ = {isa = PBXFileReference; lastKnownFileType = sourcecode.swift; path = Core/Shared/DaySurfaceConstants.swift; sourceTree = "<group>"; };
		C0DE0000000000000000020B /* Core/Shared/DaySurfaceSnapshot.swift */ = {isa = PBXFileReference; lastKnownFileType = sourcecode.swift; path = Core/Shared/DaySurfaceSnapshot.swift; sourceTree = "<group>"; };
		C0DE0000000000000000020C /* Core/Shared/DaySurfaceSnapshotFactory.swift */ = {isa = PBXFileReference; lastKnownFileType = sourcecode.swift; path = Core/Shared/DaySurfaceSnapshotFactory.swift; sourceTree = "<group>"; };
		C0DE0000000000000000020D /* Core/Shared/SystemSurfaceSync.swift */ = {isa = PBXFileReference; lastKnownFileType = sourcecode.swift; path = Core/Shared/SystemSurfaceSync.swift; sourceTree = "<group>"; };
		C0DE0000000000000000020E /* Core/Shared/OpenDdayAppIntent.swift */ = {isa = PBXFileReference; lastKnownFileType = sourcecode.swift; path = Core/Shared/OpenDdayAppIntent.swift; sourceTree = "<group>"; };
		C0DE00000000000000000210 /* d-day-app.entitlements */ = {isa = PBXFileReference; lastKnownFileType = text.plist.entitlements; path = "d-day-app.entitlements"; sourceTree = "<group>"; };
		C0DE00000000000000000211 /* d-day-appWidgets.entitlements */ = {isa = PBXFileReference; lastKnownFileType = text.plist.entitlements; path = "d-day-appWidgets.entitlements"; sourceTree = "<group>"; };
		C0DE00000000000000000212 /* d_day_appWidgetsBundle.swift */ = {isa = PBXFileReference; lastKnownFileType = sourcecode.swift; path = d_day_appWidgetsBundle.swift; sourceTree = "<group>"; };
		C0DE00000000000000000213 /* DDayLockScreenWidget.swift */ = {isa = PBXFileReference; lastKnownFileType = sourcecode.swift; path = DDayLockScreenWidget.swift; sourceTree = "<group>"; };
		C0DE00000000000000000214 /* DDayControlWidget.swift */ = {isa = PBXFileReference; lastKnownFileType = sourcecode.swift; path = DDayControlWidget.swift; sourceTree = "<group>"; };
		C0DE00000000000000000215 /* Info.plist */ = {isa = PBXFileReference; lastKnownFileType = text.plist.xml; path = Info.plist; sourceTree = "<group>"; };
		C0DE00000000000000000216 /* d-day-appWidgets.appex */ = {isa = PBXFileReference; explicitFileType = "wrapper.app-extension"; includeInIndex = 0; path = "d-day-appWidgets.appex"; sourceTree = BUILT_PRODUCTS_DIR; };
		C0DE00000000000000000217 /* Core/Notifications/NotificationScheduler.swift */ = {isa = PBXFileReference; lastKnownFileType = sourcecode.swift; path = Core/Notifications/NotificationScheduler.swift; sourceTree = "<group>"; };
		C0DE00000000000000000218 /* PrivacyInfo.xcprivacy */ = {isa = PBXFileReference; lastKnownFileType = text.xml; path = PrivacyInfo.xcprivacy; sourceTree = "<group>"; };
		C0DE00000000000000000219 /* PrivacyInfo.xcprivacy */ = {isa = PBXFileReference; lastKnownFileType = text.xml; path = PrivacyInfo.xcprivacy; sourceTree = "<group>"; };
/* End PBXFileReference section */

/* Begin PBXFrameworksBuildPhase section */
		83DEEF772FA5A0B000036D10 /* Frameworks */ = {
			isa = PBXFrameworksBuildPhase;
			buildActionMask = 2147483647;
			files = (
			);
			runOnlyForDeploymentPostprocessing = 0;
		};
		83DEEF872FA5A0B400036D10 /* Frameworks */ = {
			isa = PBXFrameworksBuildPhase;
			buildActionMask = 2147483647;
			files = (
			);
			runOnlyForDeploymentPostprocessing = 0;
		};
		83DEEF912FA5A0B400036D10 /* Frameworks */ = {
			isa = PBXFrameworksBuildPhase;
			buildActionMask = 2147483647;
			files = (
			);
			runOnlyForDeploymentPostprocessing = 0;
		};
		C0DE00000000000000000401 /* Frameworks */ = {
			isa = PBXFrameworksBuildPhase;
			buildActionMask = 2147483647;
			files = (
			);
			runOnlyForDeploymentPostprocessing = 0;
		};
/* End PBXFrameworksBuildPhase section */

/* Begin PBXGroup section */
		83DEEF712FA5A0B000036D10 = {
			isa = PBXGroup;
			children = (
				83DEEF7C2FA5A0B000036D10 /* d-day-app */,
				C0DE00000000000000000301 /* d-day-appWidgets */,
				83DEEF8D2FA5A0B400036D10 /* d-day-appTests */,
				83DEEF972FA5A0B400036D10 /* d-day-appUITests */,
				83DEEF7B2FA5A0B000036D10 /* Products */,
			);
			sourceTree = "<group>";
		};
		83DEEF7B2FA5A0B000036D10 /* Products */ = {
			isa = PBXGroup;
			children = (
				83DEEF7A2FA5A0B000036D10 /* d-day-app.app */,
				C0DE00000000000000000216 /* d-day-appWidgets.appex */,
				83DEEF8A2FA5A0B400036D10 /* d-day-appTests.xctest */,
				83DEEF942FA5A0B400036D10 /* d-day-appUITests.xctest */,
			);
			name = Products;
			sourceTree = "<group>";
		};
		83DEEF7C2FA5A0B000036D10 /* d-day-app */ = {
			isa = PBXGroup;
			children = (
				83DEEF7D2FA5A0B000036D10 /* d_day_appApp.swift */,
				83DEEF7F2FA5A0B000036D10 /* ContentView.swift */,
				C0DE00000000000000000201 /* App/AppRootView.swift */,
				C0DE00000000000000000202 /* Core/Models/AnniversaryKind.swift */,
				C0DE00000000000000000203 /* Core/Models/CoupleProfile.swift */,
				C0DE00000000000000000204 /* Core/Models/DayEvent.swift */,
				C0DE00000000000000000205 /* Core/Utilities/DayCounter.swift */,
				C0DE00000000000000000206 /* DesignSystem/AppTheme.swift */,
				C0DE00000000000000000207 /* Features/EventEditor/EventEditorView.swift */,
				C0DE00000000000000000208 /* Features/Home/HomeView.swift */,
				C0DE00000000000000000209 /* Features/Settings/SettingsView.swift */,
				C0DE0000000000000000020A /* Core/Shared/DaySurfaceConstants.swift */,
				C0DE0000000000000000020B /* Core/Shared/DaySurfaceSnapshot.swift */,
				C0DE0000000000000000020C /* Core/Shared/DaySurfaceSnapshotFactory.swift */,
				C0DE0000000000000000020D /* Core/Shared/SystemSurfaceSync.swift */,
				C0DE0000000000000000020E /* Core/Shared/OpenDdayAppIntent.swift */,
				C0DE00000000000000000217 /* Core/Notifications/NotificationScheduler.swift */,
				C0DE00000000000000000210 /* d-day-app.entitlements */,
				C0DE00000000000000000218 /* PrivacyInfo.xcprivacy */,
				83DEEF812FA5A0B400036D10 /* Assets.xcassets */,
				83DEEF832FA5A0B400036D10 /* Preview Content */,
			);
			path = "d-day-app";
			sourceTree = "<group>";
		};
		83DEEF832FA5A0B400036D10 /* Preview Content */ = {
			isa = PBXGroup;
			children = (
				83DEEF842FA5A0B400036D10 /* Preview Assets.xcassets */,
			);
			path = "Preview Content";
			sourceTree = "<group>";
		};
		83DEEF8D2FA5A0B400036D10 /* d-day-appTests */ = {
			isa = PBXGroup;
			children = (
				83DEEF8E2FA5A0B400036D10 /* d_day_appTests.swift */,
			);
			path = "d-day-appTests";
			sourceTree = "<group>";
		};
		83DEEF972FA5A0B400036D10 /* d-day-appUITests */ = {
			isa = PBXGroup;
			children = (
				83DEEF982FA5A0B400036D10 /* d_day_appUITests.swift */,
				83DEEF9A2FA5A0B400036D10 /* d_day_appUITestsLaunchTests.swift */,
			);
			path = "d-day-appUITests";
			sourceTree = "<group>";
		};
		C0DE00000000000000000301 /* d-day-appWidgets */ = {
			isa = PBXGroup;
			children = (
				C0DE00000000000000000212 /* d_day_appWidgetsBundle.swift */,
				C0DE00000000000000000213 /* DDayLockScreenWidget.swift */,
				C0DE00000000000000000214 /* DDayControlWidget.swift */,
				C0DE00000000000000000215 /* Info.plist */,
				C0DE00000000000000000211 /* d-day-appWidgets.entitlements */,
				C0DE00000000000000000219 /* PrivacyInfo.xcprivacy */,
			);
			path = "d-day-appWidgets";
			sourceTree = "<group>";
		};
/* End PBXGroup section */

/* Begin PBXNativeTarget section */
		83DEEF792FA5A0B000036D10 /* d-day-app */ = {
			isa = PBXNativeTarget;
			buildConfigurationList = 83DEEF9E2FA5A0B400036D10 /* Build configuration list for PBXNativeTarget "d-day-app" */;
			buildPhases = (
				83DEEF762FA5A0B000036D10 /* Sources */,
				83DEEF772FA5A0B000036D10 /* Frameworks */,
				83DEEF782FA5A0B000036D10 /* Resources */,
				C0DE00000000000000000404 /* Embed App Extensions */,
			);
			buildRules = (
			);
			dependencies = (
				C0DE00000000000000000405 /* PBXTargetDependency */,
			);
			name = "d-day-app";
			productName = "d-day-app";
			productReference = 83DEEF7A2FA5A0B000036D10 /* d-day-app.app */;
			productType = "com.apple.product-type.application";
		};
		83DEEF892FA5A0B400036D10 /* d-day-appTests */ = {
			isa = PBXNativeTarget;
			buildConfigurationList = 83DEEFA12FA5A0B400036D10 /* Build configuration list for PBXNativeTarget "d-day-appTests" */;
			buildPhases = (
				83DEEF862FA5A0B400036D10 /* Sources */,
				83DEEF872FA5A0B400036D10 /* Frameworks */,
				83DEEF882FA5A0B400036D10 /* Resources */,
			);
			buildRules = (
			);
			dependencies = (
				83DEEF8C2FA5A0B400036D10 /* PBXTargetDependency */,
			);
			name = "d-day-appTests";
			productName = "d-day-appTests";
			productReference = 83DEEF8A2FA5A0B400036D10 /* d-day-appTests.xctest */;
			productType = "com.apple.product-type.bundle.unit-test";
		};
		83DEEF932FA5A0B400036D10 /* d-day-appUITests */ = {
			isa = PBXNativeTarget;
			buildConfigurationList = 83DEEFA42FA5A0B400036D10 /* Build configuration list for PBXNativeTarget "d-day-appUITests" */;
			buildPhases = (
				83DEEF902FA5A0B400036D10 /* Sources */,
				83DEEF912FA5A0B400036D10 /* Frameworks */,
				83DEEF922FA5A0B400036D10 /* Resources */,
			);
			buildRules = (
			);
			dependencies = (
				83DEEF962FA5A0B400036D10 /* PBXTargetDependency */,
			);
			name = "d-day-appUITests";
			productName = "d-day-appUITests";
			productReference = 83DEEF942FA5A0B400036D10 /* d-day-appUITests.xctest */;
			productType = "com.apple.product-type.bundle.ui-testing";
		};
		C0DE00000000000000000400 /* d-day-appWidgets */ = {
			isa = PBXNativeTarget;
			buildConfigurationList = C0DE00000000000000000502 /* Build configuration list for PBXNativeTarget "d-day-appWidgets" */;
			buildPhases = (
				C0DE00000000000000000403 /* Sources */,
				C0DE00000000000000000401 /* Frameworks */,
				C0DE00000000000000000402 /* Resources */,
			);
			buildRules = (
			);
			dependencies = (
			);
			name = "d-day-appWidgets";
			productName = "d-day-appWidgets";
			productReference = C0DE00000000000000000216 /* d-day-appWidgets.appex */;
			productType = "com.apple.product-type.app-extension";
		};
/* End PBXNativeTarget section */

/* Begin PBXProject section */
		83DEEF722FA5A0B000036D10 /* Project object */ = {
			isa = PBXProject;
			attributes = {
				BuildIndependentTargetsInParallel = 1;
				LastSwiftUpdateCheck = 1520;
				LastUpgradeCheck = 2650;
				TargetAttributes = {
					83DEEF792FA5A0B000036D10 = {
						CreatedOnToolsVersion = 15.2;
					};
					83DEEF892FA5A0B400036D10 = {
						CreatedOnToolsVersion = 15.2;
						TestTargetID = 83DEEF792FA5A0B000036D10;
					};
					83DEEF932FA5A0B400036D10 = {
						CreatedOnToolsVersion = 15.2;
						TestTargetID = 83DEEF792FA5A0B000036D10;
					};
					C0DE00000000000000000400 = {
						CreatedOnToolsVersion = 26.5;
					};
				};
			};
			buildConfigurationList = 83DEEF752FA5A0B000036D10 /* Build configuration list for PBXProject "d-day-app" */;
			compatibilityVersion = "Xcode 14.0";
			developmentRegion = ko;
			hasScannedForEncodings = 0;
			knownRegions = (
				en,
				Base,
				ko,
			);
			mainGroup = 83DEEF712FA5A0B000036D10;
			productRefGroup = 83DEEF7B2FA5A0B000036D10 /* Products */;
			projectDirPath = "";
			projectRoot = "";
			targets = (
				83DEEF792FA5A0B000036D10 /* d-day-app */,
				C0DE00000000000000000400 /* d-day-appWidgets */,
				83DEEF892FA5A0B400036D10 /* d-day-appTests */,
				83DEEF932FA5A0B400036D10 /* d-day-appUITests */,
			);
		};
/* End PBXProject section */

/* Begin PBXResourcesBuildPhase section */
		83DEEF782FA5A0B000036D10 /* Resources */ = {
			isa = PBXResourcesBuildPhase;
			buildActionMask = 2147483647;
			files = (
				83DEEF852FA5A0B400036D10 /* Preview Assets.xcassets in Resources */,
				83DEEF822FA5A0B400036D10 /* Assets.xcassets in Resources */,
				C0DE00000000000000000118 /* PrivacyInfo.xcprivacy in Resources */,
			);
			runOnlyForDeploymentPostprocessing = 0;
		};
		83DEEF882FA5A0B400036D10 /* Resources */ = {
			isa = PBXResourcesBuildPhase;
			buildActionMask = 2147483647;
			files = (
			);
			runOnlyForDeploymentPostprocessing = 0;
		};
		83DEEF922FA5A0B400036D10 /* Resources */ = {
			isa = PBXResourcesBuildPhase;
			buildActionMask = 2147483647;
			files = (
			);
			runOnlyForDeploymentPostprocessing = 0;
		};
		C0DE00000000000000000402 /* Resources */ = {
			isa = PBXResourcesBuildPhase;
			buildActionMask = 2147483647;
			files = (
				C0DE00000000000000000119 /* PrivacyInfo.xcprivacy in Resources */,
			);
			runOnlyForDeploymentPostprocessing = 0;
		};
/* End PBXResourcesBuildPhase section */

/* Begin PBXSourcesBuildPhase section */
		83DEEF762FA5A0B000036D10 /* Sources */ = {
			isa = PBXSourcesBuildPhase;
			buildActionMask = 2147483647;
			files = (
				83DEEF802FA5A0B000036D10 /* ContentView.swift in Sources */,
				83DEEF7E2FA5A0B000036D10 /* d_day_appApp.swift in Sources */,
				C0DE00000000000000000101 /* App/AppRootView.swift in Sources */,
				C0DE00000000000000000102 /* Core/Models/AnniversaryKind.swift in Sources */,
				C0DE00000000000000000103 /* Core/Models/CoupleProfile.swift in Sources */,
				C0DE00000000000000000104 /* Core/Models/DayEvent.swift in Sources */,
				C0DE00000000000000000105 /* Core/Utilities/DayCounter.swift in Sources */,
				C0DE00000000000000000106 /* DesignSystem/AppTheme.swift in Sources */,
				C0DE00000000000000000107 /* Features/EventEditor/EventEditorView.swift in Sources */,
				C0DE00000000000000000108 /* Features/Home/HomeView.swift in Sources */,
				C0DE00000000000000000109 /* Features/Settings/SettingsView.swift in Sources */,
				C0DE0000000000000000010A /* Core/Shared/DaySurfaceConstants.swift in Sources */,
				C0DE0000000000000000010B /* Core/Shared/DaySurfaceSnapshot.swift in Sources */,
				C0DE0000000000000000010C /* Core/Shared/DaySurfaceSnapshotFactory.swift in Sources */,
				C0DE0000000000000000010D /* Core/Shared/SystemSurfaceSync.swift in Sources */,
				C0DE0000000000000000010E /* Core/Shared/OpenDdayAppIntent.swift in Sources */,
				C0DE00000000000000000116 /* Core/Notifications/NotificationScheduler.swift in Sources */,
			);
			runOnlyForDeploymentPostprocessing = 0;
		};
		83DEEF862FA5A0B400036D10 /* Sources */ = {
			isa = PBXSourcesBuildPhase;
			buildActionMask = 2147483647;
			files = (
				83DEEF8F2FA5A0B400036D10 /* d_day_appTests.swift in Sources */,
			);
			runOnlyForDeploymentPostprocessing = 0;
		};
		83DEEF902FA5A0B400036D10 /* Sources */ = {
			isa = PBXSourcesBuildPhase;
			buildActionMask = 2147483647;
			files = (
				83DEEF9B2FA5A0B400036D10 /* d_day_appUITestsLaunchTests.swift in Sources */,
				83DEEF992FA5A0B400036D10 /* d_day_appUITests.swift in Sources */,
			);
			runOnlyForDeploymentPostprocessing = 0;
		};
		C0DE00000000000000000403 /* Sources */ = {
			isa = PBXSourcesBuildPhase;
			buildActionMask = 2147483647;
			files = (
				C0DE0000000000000000010F /* Core/Shared/DaySurfaceConstants.swift in Sources */,
				C0DE00000000000000000110 /* Core/Shared/DaySurfaceSnapshot.swift in Sources */,
				C0DE00000000000000000111 /* Core/Shared/OpenDdayAppIntent.swift in Sources */,
				C0DE00000000000000000112 /* d_day_appWidgetsBundle.swift in Sources */,
				C0DE00000000000000000113 /* DDayLockScreenWidget.swift in Sources */,
				C0DE00000000000000000114 /* DDayControlWidget.swift in Sources */,
			);
			runOnlyForDeploymentPostprocessing = 0;
		};
/* End PBXSourcesBuildPhase section */

/* Begin PBXTargetDependency section */
		83DEEF8C2FA5A0B400036D10 /* PBXTargetDependency */ = {
			isa = PBXTargetDependency;
			target = 83DEEF792FA5A0B000036D10 /* d-day-app */;
			targetProxy = 83DEEF8B2FA5A0B400036D10 /* PBXContainerItemProxy */;
		};
		83DEEF962FA5A0B400036D10 /* PBXTargetDependency */ = {
			isa = PBXTargetDependency;
			target = 83DEEF792FA5A0B000036D10 /* d-day-app */;
			targetProxy = 83DEEF952FA5A0B400036D10 /* PBXContainerItemProxy */;
		};
		C0DE00000000000000000405 /* PBXTargetDependency */ = {
			isa = PBXTargetDependency;
			target = C0DE00000000000000000400 /* d-day-appWidgets */;
			targetProxy = C0DE00000000000000000406 /* PBXContainerItemProxy */;
		};
/* End PBXTargetDependency section */

/* Begin XCBuildConfiguration section */
		83DEEF9C2FA5A0B400036D10 /* Debug */ = {
			isa = XCBuildConfiguration;
			buildSettings = {
				ALWAYS_SEARCH_USER_PATHS = NO;
				ASSETCATALOG_COMPILER_GENERATE_SWIFT_ASSET_SYMBOL_EXTENSIONS = YES;
				CLANG_ANALYZER_NONNULL = YES;
				CLANG_ANALYZER_NUMBER_OBJECT_CONVERSION = YES_AGGRESSIVE;
				CLANG_CXX_LANGUAGE_STANDARD = "gnu++20";
				CLANG_ENABLE_MODULES = YES;
				CLANG_ENABLE_OBJC_ARC = YES;
				CLANG_ENABLE_OBJC_WEAK = YES;
				CLANG_WARN_BLOCK_CAPTURE_AUTORELEASING = YES;
				CLANG_WARN_BOOL_CONVERSION = YES;
				CLANG_WARN_COMMA = YES;
				CLANG_WARN_CONSTANT_CONVERSION = YES;
				CLANG_WARN_DEPRECATED_OBJC_IMPLEMENTATIONS = YES;
				CLANG_WARN_DIRECT_OBJC_ISA_USAGE = YES_ERROR;
				CLANG_WARN_DOCUMENTATION_COMMENTS = YES;
				CLANG_WARN_EMPTY_BODY = YES;
				CLANG_WARN_ENUM_CONVERSION = YES;
				CLANG_WARN_INFINITE_RECURSION = YES;
				CLANG_WARN_INT_CONVERSION = YES;
				CLANG_WARN_NON_LITERAL_NULL_CONVERSION = YES;
				CLANG_WARN_OBJC_IMPLICIT_RETAIN_SELF = YES;
				CLANG_WARN_OBJC_LITERAL_CONVERSION = YES;
				CLANG_WARN_OBJC_ROOT_CLASS = YES_ERROR;
				CLANG_WARN_QUOTED_INCLUDE_IN_FRAMEWORK_HEADER = YES;
				CLANG_WARN_RANGE_LOOP_ANALYSIS = YES;
				CLANG_WARN_STRICT_PROTOTYPES = YES;
				CLANG_WARN_SUSPICIOUS_MOVE = YES;
				CLANG_WARN_UNGUARDED_AVAILABILITY = YES_AGGRESSIVE;
				CLANG_WARN_UNREACHABLE_CODE = YES;
				CLANG_WARN__DUPLICATE_METHOD_MATCH = YES;
				COPY_PHASE_STRIP = NO;
				DEBUG_INFORMATION_FORMAT = dwarf;
				ENABLE_STRICT_OBJC_MSGSEND = YES;
				ENABLE_TESTABILITY = YES;
				ENABLE_USER_SCRIPT_SANDBOXING = YES;
				GCC_C_LANGUAGE_STANDARD = gnu17;
				GCC_DYNAMIC_NO_PIC = NO;
				GCC_NO_COMMON_BLOCKS = YES;
				GCC_OPTIMIZATION_LEVEL = 0;
				GCC_PREPROCESSOR_DEFINITIONS = (
					"DEBUG=1",
					"$(inherited)",
				);
				GCC_WARN_64_TO_32_BIT_CONVERSION = YES;
				GCC_WARN_ABOUT_RETURN_TYPE = YES_ERROR;
				GCC_WARN_UNDECLARED_SELECTOR = YES;
				GCC_WARN_UNINITIALIZED_AUTOS = YES_AGGRESSIVE;
				GCC_WARN_UNUSED_FUNCTION = YES;
				GCC_WARN_UNUSED_VARIABLE = YES;
				IPHONEOS_DEPLOYMENT_TARGET = 18.0;
				LOCALIZATION_PREFERS_STRING_CATALOGS = YES;
				MTL_ENABLE_DEBUG_INFO = INCLUDE_SOURCE;
				MTL_FAST_MATH = YES;
				ONLY_ACTIVE_ARCH = YES;
				SDKROOT = iphoneos;
				STRING_CATALOG_GENERATE_SYMBOLS = YES;
				SWIFT_ACTIVE_COMPILATION_CONDITIONS = "DEBUG $(inherited)";
				SWIFT_OPTIMIZATION_LEVEL = "-Onone";
			};
			name = Debug;
		};
		83DEEF9D2FA5A0B400036D10 /* Release */ = {
			isa = XCBuildConfiguration;
			buildSettings = {
				ALWAYS_SEARCH_USER_PATHS = NO;
				ASSETCATALOG_COMPILER_GENERATE_SWIFT_ASSET_SYMBOL_EXTENSIONS = YES;
				CLANG_ANALYZER_NONNULL = YES;
				CLANG_ANALYZER_NUMBER_OBJECT_CONVERSION = YES_AGGRESSIVE;
				CLANG_CXX_LANGUAGE_STANDARD = "gnu++20";
				CLANG_ENABLE_MODULES = YES;
				CLANG_ENABLE_OBJC_ARC = YES;
				CLANG_ENABLE_OBJC_WEAK = YES;
				CLANG_WARN_BLOCK_CAPTURE_AUTORELEASING = YES;
				CLANG_WARN_BOOL_CONVERSION = YES;
				CLANG_WARN_COMMA = YES;
				CLANG_WARN_CONSTANT_CONVERSION = YES;
				CLANG_WARN_DEPRECATED_OBJC_IMPLEMENTATIONS = YES;
				CLANG_WARN_DIRECT_OBJC_ISA_USAGE = YES_ERROR;
				CLANG_WARN_DOCUMENTATION_COMMENTS = YES;
				CLANG_WARN_EMPTY_BODY = YES;
				CLANG_WARN_ENUM_CONVERSION = YES;
				CLANG_WARN_INFINITE_RECURSION = YES;
				CLANG_WARN_INT_CONVERSION = YES;
				CLANG_WARN_NON_LITERAL_NULL_CONVERSION = YES;
				CLANG_WARN_OBJC_IMPLICIT_RETAIN_SELF = YES;
				CLANG_WARN_OBJC_LITERAL_CONVERSION = YES;
				CLANG_WARN_OBJC_ROOT_CLASS = YES_ERROR;
				CLANG_WARN_QUOTED_INCLUDE_IN_FRAMEWORK_HEADER = YES;
				CLANG_WARN_RANGE_LOOP_ANALYSIS = YES;
				CLANG_WARN_STRICT_PROTOTYPES = YES;
				CLANG_WARN_SUSPICIOUS_MOVE = YES;
				CLANG_WARN_UNGUARDED_AVAILABILITY = YES_AGGRESSIVE;
				CLANG_WARN_UNREACHABLE_CODE = YES;
				CLANG_WARN__DUPLICATE_METHOD_MATCH = YES;
				COPY_PHASE_STRIP = NO;
				DEBUG_INFORMATION_FORMAT = "dwarf-with-dsym";
				ENABLE_NS_ASSERTIONS = NO;
				ENABLE_STRICT_OBJC_MSGSEND = YES;
				ENABLE_USER_SCRIPT_SANDBOXING = YES;
				GCC_C_LANGUAGE_STANDARD = gnu17;
				GCC_NO_COMMON_BLOCKS = YES;
				GCC_WARN_64_TO_32_BIT_CONVERSION = YES;
				GCC_WARN_ABOUT_RETURN_TYPE = YES_ERROR;
				GCC_WARN_UNDECLARED_SELECTOR = YES;
				GCC_WARN_UNINITIALIZED_AUTOS = YES_AGGRESSIVE;
				GCC_WARN_UNUSED_FUNCTION = YES;
				GCC_WARN_UNUSED_VARIABLE = YES;
				IPHONEOS_DEPLOYMENT_TARGET = 18.0;
				LOCALIZATION_PREFERS_STRING_CATALOGS = YES;
				MTL_ENABLE_DEBUG_INFO = NO;
				MTL_FAST_MATH = YES;
				SDKROOT = iphoneos;
				STRING_CATALOG_GENERATE_SYMBOLS = YES;
				SWIFT_COMPILATION_MODE = wholemodule;
				VALIDATE_PRODUCT = YES;
			};
			name = Release;
		};
		83DEEF9F2FA5A0B400036D10 /* Debug */ = {
			isa = XCBuildConfiguration;
			buildSettings = {
				ASSETCATALOG_COMPILER_APPICON_NAME = AppIcon;
				ASSETCATALOG_COMPILER_GLOBAL_ACCENT_COLOR_NAME = AccentColor;
				CODE_SIGN_ENTITLEMENTS = "d-day-app/d-day-app.entitlements";
				CODE_SIGN_STYLE = Automatic;
				CURRENT_PROJECT_VERSION = 1;
				DEVELOPMENT_ASSET_PATHS = "\"d-day-app/Preview Content\"";
				ENABLE_PREVIEWS = YES;
				GENERATE_INFOPLIST_FILE = YES;
				INFOPLIST_KEY_CFBundleDisplayName = "D-Day";
				INFOPLIST_KEY_LSApplicationCategoryType = "public.app-category.lifestyle";
				INFOPLIST_KEY_UIApplicationSceneManifest_Generation = YES;
				INFOPLIST_KEY_UIApplicationSupportsIndirectInputEvents = YES;
				INFOPLIST_KEY_UILaunchScreen_Generation = YES;
				INFOPLIST_KEY_UISupportedInterfaceOrientations_iPad = "UIInterfaceOrientationPortrait UIInterfaceOrientationPortraitUpsideDown UIInterfaceOrientationLandscapeLeft UIInterfaceOrientationLandscapeRight";
				INFOPLIST_KEY_UISupportedInterfaceOrientations_iPhone = "UIInterfaceOrientationPortrait UIInterfaceOrientationLandscapeLeft UIInterfaceOrientationLandscapeRight";
				IPHONEOS_DEPLOYMENT_TARGET = 18.0;
				LD_RUNPATH_SEARCH_PATHS = (
					"$(inherited)",
					"@executable_path/Frameworks",
				);
				MARKETING_VERSION = 0.1;
				PRODUCT_BUNDLE_IDENTIFIER = "yhb.d-day-app";
				PRODUCT_NAME = "$(TARGET_NAME)";
				SWIFT_EMIT_LOC_STRINGS = YES;
				SWIFT_VERSION = 5.0;
				TARGETED_DEVICE_FAMILY = "1,2";
			};
			name = Debug;
		};
		83DEEFA02FA5A0B400036D10 /* Release */ = {
			isa = XCBuildConfiguration;
			buildSettings = {
				ASSETCATALOG_COMPILER_APPICON_NAME = AppIcon;
				ASSETCATALOG_COMPILER_GLOBAL_ACCENT_COLOR_NAME = AccentColor;
				CODE_SIGN_ENTITLEMENTS = "d-day-app/d-day-app.entitlements";
				CODE_SIGN_STYLE = Automatic;
				CURRENT_PROJECT_VERSION = 1;
				DEVELOPMENT_ASSET_PATHS = "\"d-day-app/Preview Content\"";
				ENABLE_PREVIEWS = YES;
				GENERATE_INFOPLIST_FILE = YES;
				INFOPLIST_KEY_CFBundleDisplayName = "D-Day";
				INFOPLIST_KEY_LSApplicationCategoryType = "public.app-category.lifestyle";
				INFOPLIST_KEY_UIApplicationSceneManifest_Generation = YES;
				INFOPLIST_KEY_UIApplicationSupportsIndirectInputEvents = YES;
				INFOPLIST_KEY_UILaunchScreen_Generation = YES;
				INFOPLIST_KEY_UISupportedInterfaceOrientations_iPad = "UIInterfaceOrientationPortrait UIInterfaceOrientationPortraitUpsideDown UIInterfaceOrientationLandscapeLeft UIInterfaceOrientationLandscapeRight";
				INFOPLIST_KEY_UISupportedInterfaceOrientations_iPhone = "UIInterfaceOrientationPortrait UIInterfaceOrientationLandscapeLeft UIInterfaceOrientationLandscapeRight";
				IPHONEOS_DEPLOYMENT_TARGET = 18.0;
				LD_RUNPATH_SEARCH_PATHS = (
					"$(inherited)",
					"@executable_path/Frameworks",
				);
				MARKETING_VERSION = 0.1;
				PRODUCT_BUNDLE_IDENTIFIER = "yhb.d-day-app";
				PRODUCT_NAME = "$(TARGET_NAME)";
				SWIFT_EMIT_LOC_STRINGS = YES;
				SWIFT_VERSION = 5.0;
				TARGETED_DEVICE_FAMILY = "1,2";
			};
			name = Release;
		};
		83DEEFA22FA5A0B400036D10 /* Debug */ = {
			isa = XCBuildConfiguration;
			buildSettings = {
				BUNDLE_LOADER = "$(TEST_HOST)";
				CODE_SIGN_STYLE = Automatic;
				CURRENT_PROJECT_VERSION = 1;
				GENERATE_INFOPLIST_FILE = YES;
				IPHONEOS_DEPLOYMENT_TARGET = 18.0;
				MARKETING_VERSION = 0.1;
				PRODUCT_BUNDLE_IDENTIFIER = "yhb.d-day-appTests";
				PRODUCT_NAME = "$(TARGET_NAME)";
				SWIFT_EMIT_LOC_STRINGS = NO;
				SWIFT_VERSION = 5.0;
				TARGETED_DEVICE_FAMILY = "1,2";
				TEST_HOST = "$(BUILT_PRODUCTS_DIR)/d-day-app.app/$(BUNDLE_EXECUTABLE_FOLDER_PATH)/d-day-app";
			};
			name = Debug;
		};
		83DEEFA32FA5A0B400036D10 /* Release */ = {
			isa = XCBuildConfiguration;
			buildSettings = {
				BUNDLE_LOADER = "$(TEST_HOST)";
				CODE_SIGN_STYLE = Automatic;
				CURRENT_PROJECT_VERSION = 1;
				GENERATE_INFOPLIST_FILE = YES;
				IPHONEOS_DEPLOYMENT_TARGET = 18.0;
				MARKETING_VERSION = 0.1;
				PRODUCT_BUNDLE_IDENTIFIER = "yhb.d-day-appTests";
				PRODUCT_NAME = "$(TARGET_NAME)";
				SWIFT_EMIT_LOC_STRINGS = NO;
				SWIFT_VERSION = 5.0;
				TARGETED_DEVICE_FAMILY = "1,2";
				TEST_HOST = "$(BUILT_PRODUCTS_DIR)/d-day-app.app/$(BUNDLE_EXECUTABLE_FOLDER_PATH)/d-day-app";
			};
			name = Release;
		};
		83DEEFA52FA5A0B400036D10 /* Debug */ = {
			isa = XCBuildConfiguration;
			buildSettings = {
				CODE_SIGN_STYLE = Automatic;
				CURRENT_PROJECT_VERSION = 1;
				GENERATE_INFOPLIST_FILE = YES;
				MARKETING_VERSION = 0.1;
				PRODUCT_BUNDLE_IDENTIFIER = "yhb.d-day-appUITests";
				PRODUCT_NAME = "$(TARGET_NAME)";
				SWIFT_EMIT_LOC_STRINGS = NO;
				SWIFT_VERSION = 5.0;
				TARGETED_DEVICE_FAMILY = "1,2";
				TEST_TARGET_NAME = "d-day-app";
			};
			name = Debug;
		};
		83DEEFA62FA5A0B400036D10 /* Release */ = {
			isa = XCBuildConfiguration;
			buildSettings = {
				CODE_SIGN_STYLE = Automatic;
				CURRENT_PROJECT_VERSION = 1;
				GENERATE_INFOPLIST_FILE = YES;
				MARKETING_VERSION = 0.1;
				PRODUCT_BUNDLE_IDENTIFIER = "yhb.d-day-appUITests";
				PRODUCT_NAME = "$(TARGET_NAME)";
				SWIFT_EMIT_LOC_STRINGS = NO;
				SWIFT_VERSION = 5.0;
				TARGETED_DEVICE_FAMILY = "1,2";
				TEST_TARGET_NAME = "d-day-app";
			};
			name = Release;
		};
		C0DE00000000000000000500 /* Debug */ = {
			isa = XCBuildConfiguration;
			buildSettings = {
				APPLICATION_EXTENSION_API_ONLY = YES;
				CODE_SIGN_ENTITLEMENTS = "d-day-appWidgets/d-day-appWidgets.entitlements";
				CODE_SIGN_STYLE = Automatic;
				CURRENT_PROJECT_VERSION = 1;
				GENERATE_INFOPLIST_FILE = NO;
				INFOPLIST_FILE = "d-day-appWidgets/Info.plist";
				IPHONEOS_DEPLOYMENT_TARGET = 18.0;
				LD_RUNPATH_SEARCH_PATHS = (
					"$(inherited)",
					"@executable_path/Frameworks",
					"@executable_path/../../Frameworks",
				);
				MARKETING_VERSION = 0.1;
				PRODUCT_BUNDLE_IDENTIFIER = "yhb.d-day-app.widgets";
				PRODUCT_BUNDLE_PACKAGE_TYPE = "XPC!";
				PRODUCT_NAME = "$(TARGET_NAME)";
				SDKROOT = iphoneos;
				SKIP_INSTALL = YES;
				SUPPORTED_PLATFORMS = "iphoneos iphonesimulator";
				SUPPORTS_MACCATALYST = NO;
				SUPPORTS_MAC_DESIGNED_FOR_IPHONE_IPAD = NO;
				SWIFT_EMIT_LOC_STRINGS = YES;
				SWIFT_VERSION = 5.0;
				TARGETED_DEVICE_FAMILY = "1,2";
				WRAPPER_EXTENSION = appex;
			};
			name = Debug;
		};
		C0DE00000000000000000501 /* Release */ = {
			isa = XCBuildConfiguration;
			buildSettings = {
				APPLICATION_EXTENSION_API_ONLY = YES;
				CODE_SIGN_ENTITLEMENTS = "d-day-appWidgets/d-day-appWidgets.entitlements";
				CODE_SIGN_STYLE = Automatic;
				CURRENT_PROJECT_VERSION = 1;
				GENERATE_INFOPLIST_FILE = NO;
				INFOPLIST_FILE = "d-day-appWidgets/Info.plist";
				IPHONEOS_DEPLOYMENT_TARGET = 18.0;
				LD_RUNPATH_SEARCH_PATHS = (
					"$(inherited)",
					"@executable_path/Frameworks",
					"@executable_path/../../Frameworks",
				);
				MARKETING_VERSION = 0.1;
				PRODUCT_BUNDLE_IDENTIFIER = "yhb.d-day-app.widgets";
				PRODUCT_BUNDLE_PACKAGE_TYPE = "XPC!";
				PRODUCT_NAME = "$(TARGET_NAME)";
				SDKROOT = iphoneos;
				SKIP_INSTALL = YES;
				SUPPORTED_PLATFORMS = "iphoneos iphonesimulator";
				SUPPORTS_MACCATALYST = NO;
				SUPPORTS_MAC_DESIGNED_FOR_IPHONE_IPAD = NO;
				SWIFT_EMIT_LOC_STRINGS = YES;
				SWIFT_VERSION = 5.0;
				TARGETED_DEVICE_FAMILY = "1,2";
				WRAPPER_EXTENSION = appex;
			};
			name = Release;
		};
/* End XCBuildConfiguration section */

/* Begin XCConfigurationList section */
		83DEEF752FA5A0B000036D10 /* Build configuration list for PBXProject "d-day-app" */ = {
			isa = XCConfigurationList;
			buildConfigurations = (
				83DEEF9C2FA5A0B400036D10 /* Debug */,
				83DEEF9D2FA5A0B400036D10 /* Release */,
			);
			defaultConfigurationIsVisible = 0;
			defaultConfigurationName = Release;
		};
		83DEEF9E2FA5A0B400036D10 /* Build configuration list for PBXNativeTarget "d-day-app" */ = {
			isa = XCConfigurationList;
			buildConfigurations = (
				83DEEF9F2FA5A0B400036D10 /* Debug */,
				83DEEFA02FA5A0B400036D10 /* Release */,
			);
			defaultConfigurationIsVisible = 0;
			defaultConfigurationName = Release;
		};
		83DEEFA12FA5A0B400036D10 /* Build configuration list for PBXNativeTarget "d-day-appTests" */ = {
			isa = XCConfigurationList;
			buildConfigurations = (
				83DEEFA22FA5A0B400036D10 /* Debug */,
				83DEEFA32FA5A0B400036D10 /* Release */,
			);
			defaultConfigurationIsVisible = 0;
			defaultConfigurationName = Release;
		};
		83DEEFA42FA5A0B400036D10 /* Build configuration list for PBXNativeTarget "d-day-appUITests" */ = {
			isa = XCConfigurationList;
			buildConfigurations = (
				83DEEFA52FA5A0B400036D10 /* Debug */,
				83DEEFA62FA5A0B400036D10 /* Release */,
			);
			defaultConfigurationIsVisible = 0;
			defaultConfigurationName = Release;
		};
		C0DE00000000000000000502 /* Build configuration list for PBXNativeTarget "d-day-appWidgets" */ = {
			isa = XCConfigurationList;
			buildConfigurations = (
				C0DE00000000000000000500 /* Debug */,
				C0DE00000000000000000501 /* Release */,
			);
			defaultConfigurationIsVisible = 0;
			defaultConfigurationName = Release;
		};
/* End XCConfigurationList section */
	};
	rootObject = 83DEEF722FA5A0B000036D10 /* Project object */;
}
